// !$*UTF8*$!
{
	archiveVersion = 1;
	classes = {
	};
	objectVersion = 50;
	objects = {

/* Begin PBXBuildFile section */
		878535A3255EBDF30087CCE0 /* AppDelegate.swift in Sources */ = {isa = PBXBuildFile; fileRef = 878535A2255EBDF30087CCE0 /* AppDelegate.swift */; };
		878535A5255EBDF30087CCE0 /* SceneDelegate.swift in Sources */ = {isa = PBXBuildFile; fileRef = 878535A4255EBDF30087CCE0 /* SceneDelegate.swift */; };
		878535A7255EBDF30087CCE0 /* ViewController.swift in Sources */ = {isa = PBXBuildFile; fileRef = 878535A6255EBDF30087CCE0 /* ViewController.swift */; };
		878535AA255EBDF30087CCE0 /* Main.storyboard in Resources */ = {isa = PBXBuildFile; fileRef = 878535A8255EBDF30087CCE0 /* Main.storyboard */; };
		878535AC255EBDF40087CCE0 /* Assets.xcassets in Resources */ = {isa = PBXBuildFile; fileRef = 878535AB255EBDF40087CCE0 /* Assets.xcassets */; };
		878535AF255EBDF40087CCE0 /* LaunchScreen.storyboard in Resources */ = {isa = PBXBuildFile; fileRef = 878535AD255EBDF40087CCE0 /* LaunchScreen.storyboard */; };
		878535C0255EBE150087CCE0 /* TestSDK.h in Headers */ = {isa = PBXBuildFile; fileRef = 878535BE255EBE150087CCE0 /* TestSDK.h */; settings = {ATTRIBUTES = (Public, ); }; };
		878535C3255EBE150087CCE0 /* TestSDK.framework in Frameworks */ = {isa = PBXBuildFile; fileRef = 878535BC255EBE150087CCE0 /* TestSDK.framework */; };
		878535C4255EBE150087CCE0 /* TestSDK.framework in Embed Frameworks */ = {isa = PBXBuildFile; fileRef = 878535BC255EBE150087CCE0 /* TestSDK.framework */; settings = {ATTRIBUTES = (CodeSignOnCopy, RemoveHeadersOnCopy, ); }; };
		878535CB255EBE330087CCE0 /* TestSDKMain.swift in Sources */ = {isa = PBXBuildFile; fileRef = 878535CA255EBE330087CCE0 /* TestSDKMain.swift */; };
/* End PBXBuildFile section */

/* Begin PBXContainerItemProxy section */
		878535C1255EBE150087CCE0 /* PBXContainerItemProxy */ = {
			isa = PBXContainerItemProxy;
			containerPortal = 87853597255EBDF30087CCE0 /* Project object */;
			proxyType = 1;
			remoteGlobalIDString = 878535BB255EBE150087CCE0;
			remoteInfo = TestSDK;
		};
/* End PBXContainerItemProxy section */

/* Begin PBXCopyFilesBuildPhase section */
		878535C8255EBE150087CCE0 /* Embed Frameworks */ = {
			isa = PBXCopyFilesBuildPhase;
			buildActionMask = 2147483647;
			dstPath = "";
			dstSubfolderSpec = 10;
			files = (
				878535C4255EBE150087CCE0 /* TestSDK.framework in Embed Frameworks */,
			);
			name = "Embed Frameworks";
			runOnlyForDeploymentPostprocessing = 0;
		};
/* End PBXCopyFilesBuildPhase section */

/* Begin PBXFileReference section */
		8785359F255EBDF30087CCE0 /* TestProject.app */ = {isa = PBXFileReference; explicitFileType = wrapper.application; includeInIndex = 0; path = TestProject.app; sourceTree = BUILT_PRODUCTS_DIR; };
		878535A2255EBDF30087CCE0 /* AppDelegate.swift */ = {isa = PBXFileReference; lastKnownFileType = sourcecode.swift; path = AppDelegate.swift; sourceTree = "<group>"; };
		878535A4255EBDF30087CCE0 /* SceneDelegate.swift */ = {isa = PBXFileReference; lastKnownFileType = sourcecode.swift; path = SceneDelegate.swift; sourceTree = "<group>"; };
		878535A6255EBDF30087CCE0 /* ViewController.swift */ = {isa = PBXFileReference; lastKnownFileType = sourcecode.swift; path = ViewController.swift; sourceTree = "<group>"; };
		878535A9255EBDF30087CCE0 /* Base */ = {isa = PBXFileReference; lastKnownFileType = file.storyboard; name = Base; path = Base.lproj/Main.storyboard; sourceTree = "<group>"; };
		878535AB255EBDF40087CCE0 /* Assets.xcassets */ = {isa = PBXFileReference; lastKnownFileType = folder.assetcatalog; path = Assets.xcassets; sourceTree = "<group>"; };
		878535AE255EBDF40087CCE0 /* Base */ = {isa = PBXFileReference; lastKnownFileType = file.storyboard; name = Base; path = Base.lproj/LaunchScreen.storyboard; sourceTree = "<group>"; };
		878535B0255EBDF40087CCE0 /* Info.plist */ = {isa = PBXFileReference; lastKnownFileType = text.plist.xml; path = Info.plist; sourceTree = "<group>"; };
		878535BC255EBE150087CCE0 /* TestSDK.framework */ = {isa = PBXFileReference; explicitFileType = wrapper.framework; includeInIndex = 0; path = TestSDK.framework; sourceTree = BUILT_PRODUCTS_DIR; };
		878535BE255EBE150087CCE0 /* TestSDK.h */ = {isa = PBXFileReference; lastKnownFileType = sourcecode.c.h; path = TestSDK.h; sourceTree = "<group>"; };
		878535BF255EBE150087CCE0 /* Info.plist */ = {isa = PBXFileReference; lastKnownFileType = text.plist.xml; path = Info.plist; sourceTree = "<group>"; };
		878535CA255EBE330087CCE0 /* TestSDKMain.swift */ = {isa = PBXFileReference; lastKnownFileType = sourcecode.swift; path = TestSDKMain.swift; sourceTree = "<group>"; };
/* End PBXFileReference section */

/* Begin PBXFrameworksBuildPhase section */
		8785359C255EBDF30087CCE0 /* Frameworks */ = {
			isa = PBXFrameworksBuildPhase;
			buildActionMask = 2147483647;
			files = (
				878535C3255EBE150087CCE0 /* TestSDK.framework in Frameworks */,
			);
			runOnlyForDeploymentPostprocessing = 0;
		};
		878535B9255EBE150087CCE0 /* Frameworks */ = {
			isa = PBXFrameworksBuildPhase;
			buildActionMask = 2147483647;
			files = (
			);
			runOnlyForDeploymentPostprocessing = 0;
		};
/* End PBXFrameworksBuildPhase section */

/* Begin PBXGroup section */
		87853596255EBDF30087CCE0 = {
			isa = PBXGroup;
			children = (
				878535A1255EBDF30087CCE0 /* TestProject */,
				878535BD255EBE150087CCE0 /* TestSDK */,
				878535A0255EBDF30087CCE0 /* Products */,
			);
			sourceTree = "<group>";
		};
		878535A0255EBDF30087CCE0 /* Products */ = {
			isa = PBXGroup;
			children = (
				8785359F255EBDF30087CCE0 /* TestProject.app */,
				878535BC255EBE150087CCE0 /* TestSDK.framework */,
			);
			name = Products;
			sourceTree = "<group>";
		};
		878535A1255EBDF30087CCE0 /* TestProject */ = {
			isa = PBXGroup;
			children = (
				878535A2255EBDF30087CCE0 /* AppDelegate.swift */,
				878535A4255EBDF30087CCE0 /* SceneDelegate.swift */,
				878535A6255EBDF30087CCE0 /* ViewController.swift */,
				878535A8255EBDF30087CCE0 /* Main.storyboard */,
				878535AB255EBDF40087CCE0 /* Assets.xcassets */,
				878535AD255EBDF40087CCE0 /* LaunchScreen.storyboard */,
				878535B0255EBDF40087CCE0 /* Info.plist */,
			);
			path = TestProject;
			sourceTree = "<group>";
		};
		878535BD255EBE150087CCE0 /* TestSDK */ = {
			isa = PBXGroup;
			children = (
				878535BE255EBE150087CCE0 /* TestSDK.h */,
				878535BF255EBE150087CCE0 /* Info.plist */,
				878535CA255EBE330087CCE0 /* TestSDKMain.swift */,
			);
			path = TestSDK;
			sourceTree = "<group>";
		};
/* End PBXGroup section */

/* Begin PBXHeadersBuildPhase section */
		878535B7255EBE150087CCE0 /* Headers */ = {
			isa = PBXHeadersBuildPhase;
			buildActionMask = 2147483647;
			files = (
				878535C0255EBE150087CCE0 /* TestSDK.h in Headers */,
			);
			runOnlyForDeploymentPostprocessing = 0;
		};
/* End PBXHeadersBuildPhase section */

/* Begin PBXNativeTarget section */
		8785359E255EBDF30087CCE0 /* TestProject */ = {
			isa = PBXNativeTarget;
			buildConfigurationList = 878535B3255EBDF40087CCE0 /* Build configuration list for PBXNativeTarget "TestProject" */;
			buildPhases = (
				8785359B255EBDF30087CCE0 /* Sources */,
				8785359C255EBDF30087CCE0 /* Frameworks */,
				8785359D255EBDF30087CCE0 /* Resources */,
				878535C8255EBE150087CCE0 /* Embed Frameworks */,
			);
			buildRules = (
			);
			dependencies = (
				878535C2255EBE150087CCE0 /* PBXTargetDependency */,
			);
			name = TestProject;
			productName = TestProject;
			productReference = 8785359F255EBDF30087CCE0 /* TestProject.app */;
			productType = "com.apple.product-type.application";
		};
		878535BB255EBE150087CCE0 /* TestSDK */ = {
			isa = PBXNativeTarget;
			buildConfigurationList = 878535C5255EBE150087CCE0 /* Build configuration list for PBXNativeTarget "TestSDK" */;
			buildPhases = (
				878535B7255EBE150087CCE0 /* Headers */,
				878535B8255EBE150087CCE0 /* Sources */,
				878535B9255EBE150087CCE0 /* Frameworks */,
				878535BA255EBE150087CCE0 /* Resources */,
			);
			buildRules = (
			);
			dependencies = (
			);
			name = TestSDK;
			productName = TestSDK;
			productReference = 878535BC255EBE150087CCE0 /* TestSDK.framework */;
			productType = "com.apple.product-type.framework";
		};
/* End PBXNativeTarget section */

/* Begin PBXProject section */
		87853597255EBDF30087CCE0 /* Project object */ = {
			isa = PBXProject;
			attributes = {
				LastSwiftUpdateCheck = 1220;
				LastUpgradeCheck = 1220;
				TargetAttributes = {
					8785359E255EBDF30087CCE0 = {
						CreatedOnToolsVersion = 12.2;
					};
					878535BB255EBE150087CCE0 = {
						CreatedOnToolsVersion = 12.2;
						LastSwiftMigration = 1220;
					};
				};
			};
			buildConfigurationList = 8785359A255EBDF30087CCE0 /* Build configuration list for PBXProject "TestProject" */;
			compatibilityVersion = "Xcode 9.3";
			developmentRegion = en;
			hasScannedForEncodings = 0;
			knownRegions = (
				en,
				Base,
			);
			mainGroup = 87853596255EBDF30087CCE0;
			productRefGroup = 878535A0255EBDF30087CCE0 /* Products */;
			projectDirPath = "";
			projectRoot = "";
			targets = (
				8785359E255EBDF30087CCE0 /* TestProject */,
				878535BB255EBE150087CCE0 /* TestSDK */,
			);
		};
/* End PBXProject section */

/* Begin PBXResourcesBuildPhase section */
		8785359D255EBDF30087CCE0 /* Resources */ = {
			isa = PBXResourcesBuildPhase;
			buildActionMask = 2147483647;
			files = (
				878535AF255EBDF40087CCE0 /* LaunchScreen.storyboard in Resources */,
				878535AC255EBDF40087CCE0 /* Assets.xcassets in Resources */,
				878535AA255EBDF30087CCE0 /* Main.storyboard in Resources */,
			);
			runOnlyForDeploymentPostprocessing = 0;
		};
		878535BA255EBE150087CCE0 /* Resources */ = {
			isa = PBXResourcesBuildPhase;
			buildActionMask = 2147483647;
			files = (
			);
			runOnlyForDeploymentPostprocessing = 0;
		};
/* End PBXResourcesBuildPhase section */

/* Begin PBXSourcesBuildPhase section */
		8785359B255EBDF30087CCE0 /* Sources */ = {
			isa = PBXSourcesBuildPhase;
			buildActionMask = 2147483647;
			files = (
				878535A7255EBDF30087CCE0 /* ViewController.swift in Sources */,
				878535A3255EBDF30087CCE0 /* AppDelegate.swift in Sources */,
				878535A5255EBDF30087CCE0 /* SceneDelegate.swift in Sources */,
			);
			runOnlyForDeploymentPostprocessing = 0;
		};
		878535B8255EBE150087CCE0 /* Sources */ = {
			isa = PBXSourcesBuildPhase;
			buildActionMask = 2147483647;
			files = (
				878535CB255EBE330087CCE0 /* TestSDKMain.swift in Sources */,
			);
			runOnlyForDeploymentPostprocessing = 0;
		};
/* End PBXSourcesBuildPhase section */

/* Begin PBXTargetDependency section */
		878535C2255EBE150087CCE0 /* PBXTargetDependency */ = {
			isa = PBXTargetDependency;
			target = 878535BB255EBE150087CCE0 /* TestSDK */;
			targetProxy = 878535C1255EBE150087CCE0 /* PBXContainerItemProxy */;
		};
/* End PBXTargetDependency section */

/* Begin PBXVariantGroup section */
		878535A8255EBDF30087CCE0 /* Main.storyboard */ = {
			isa = PBXVariantGroup;
			children = (
				878535A9255EBDF30087CCE0 /* Base */,
			);
			name = Main.storyboard;
			sourceTree = "<group>";
		};
		878535AD255EBDF40087CCE0 /* LaunchScreen.storyboard */ = {
			isa = PBXVariantGroup;
			children = (
				878535AE255EBDF40087CCE0 /* Base */,
			);
			name = LaunchScreen.storyboard;
			sourceTree = "<group>";
		};
/* End PBXVariantGroup section */

/* Begin XCBuildConfiguration section */
		878535B1255EBDF40087CCE0 /* Debug */ = {
			isa = XCBuildConfiguration;
			buildSettings = {
				ALWAYS_SEARCH_USER_PATHS = NO;
				CLANG_ANALYZER_NONNULL = YES;
				CLANG_ANALYZER_NUMBER_OBJECT_CONVERSION = YES_AGGRESSIVE;
				CLANG_CXX_LANGUAGE_STANDARD = "gnu++14";
				CLANG_CXX_LIBRARY = "libc++";
				CLANG_ENABLE_MODULES = YES;
				CLANG_ENABLE_OBJC_ARC = YES;
				CLANG_ENABLE_OBJC_WEAK = YES;
				CLANG_WARN_BLOCK_CAPTURE_AUTORELEASING = YES;
				CLANG_WARN_BOOL_CONVERSION = YES;
				CLANG_WARN_COMMA = YES;
				CLANG_WARN_CONSTANT_CONVERSION = YES;
				CLANG_WARN_DEPRECATED_OBJC_IMPLEMENTATIONS = YES;
				CLANG_WARN_DIRECT_OBJC_ISA_USAGE = YES_ERROR;
				CLANG_WARN_DOCUMENTATION_COMMENTS = YES;
				CLANG_WARN_EMPTY_BODY = YES;
				CLANG_WARN_ENUM_CONVERSION = YES;
				CLANG_WARN_INFINITE_RECURSION = YES;
				CLANG_WARN_INT_CONVERSION = YES;
				CLANG_WARN_NON_LITERAL_NULL_CONVERSION = YES;
				CLANG_WARN_OBJC_IMPLICIT_RETAIN_SELF = YES;
				CLANG_WARN_OBJC_LITERAL_CONVERSION = YES;
				CLANG_WARN_OBJC_ROOT_CLASS = YES_ERROR;
				CLANG_WARN_QUOTED_INCLUDE_IN_FRAMEWORK_HEADER = YES;
				CLANG_WARN_RANGE_LOOP_ANALYSIS = YES;
				CLANG_WARN_STRICT_PROTOTYPES = YES;
				CLANG_WARN_SUSPICIOUS_MOVE = YES;
				CLANG_WARN_UNGUARDED_AVAILABILITY = YES_AGGRESSIVE;
				CLANG_WARN_UNREACHABLE_CODE = YES;
				CLANG_WARN__DUPLICATE_METHOD_MATCH = YES;
				COPY_PHASE_STRIP = NO;
				DEBUG_INFORMATION_FORMAT = dwarf;
				ENABLE_STRICT_OBJC_MSGSEND = YES;
				ENABLE_TESTABILITY = YES;
				GCC_C_LANGUAGE_STANDARD = gnu11;
				GCC_DYNAMIC_NO_PIC = NO;
				GCC_NO_COMMON_BLOCKS = YES;
				GCC_OPTIMIZATION_LEVEL = 0;
				GCC_PREPROCESSOR_DEFINITIONS = (
					"DEBUG=1",
					"$(inherited)",
				);
				GCC_WARN_64_TO_32_BIT_CONVERSION = YES;
				GCC_WARN_ABOUT_RETURN_TYPE = YES_ERROR;
				GCC_WARN_UNDECLARED_SELECTOR = YES;
				GCC_WARN_UNINITIALIZED_AUTOS = YES_AGGRESSIVE;
				GCC_WARN_UNUSED_FUNCTION = YES;
				GCC_WARN_UNUSED_VARIABLE = YES;
				IPHONEOS_DEPLOYMENT_TARGET = 14.2;
				MTL_ENABLE_DEBUG_INFO = INCLUDE_SOURCE;
				MTL_FAST_MATH = YES;
				ONLY_ACTIVE_ARCH = YES;
				SDKROOT = iphoneos;
				SWIFT_ACTIVE_COMPILATION_CONDITIONS = DEBUG;
				SWIFT_OPTIMIZATION_LEVEL = "-Onone";
			};
			name = Debug;
		};
		878535B2255EBDF40087CCE0 /* Release */ = {
			isa = XCBuildConfiguration;
			buildSettings = {
				ALWAYS_SEARCH_USER_PATHS = NO;
				CLANG_ANALYZER_NONNULL = YES;
				CLANG_ANALYZER_NUMBER_OBJECT_CONVERSION = YES_AGGRESSIVE;
				CLANG_CXX_LANGUAGE_STANDARD = "gnu++14";
				CLANG_CXX_LIBRARY = "libc++";
				CLANG_ENABLE_MODULES = YES;
				CLANG_ENABLE_OBJC_ARC = YES;
				CLANG_ENABLE_OBJC_WEAK = YES;
				CLANG_WARN_BLOCK_CAPTURE_AUTORELEASING = YES;
				CLANG_WARN_BOOL_CONVERSION = YES;
				CLANG_WARN_COMMA = YES;
				CLANG_WARN_CONSTANT_CONVERSION = YES;
				CLANG_WARN_DEPRECATED_OBJC_IMPLEMENTATIONS = YES;
				CLANG_WARN_DIRECT_OBJC_ISA_USAGE = YES_ERROR;
				CLANG_WARN_DOCUMENTATION_COMMENTS = YES;
				CLANG_WARN_EMPTY_BODY = YES;
				CLANG_WARN_ENUM_CONVERSION = YES;
				CLANG_WARN_INFINITE_RECURSION = YES;
				CLANG_WARN_INT_CONVERSION = YES;
				CLANG_WARN_NON_LITERAL_NULL_CONVERSION = YES;
				CLANG_WARN_OBJC_IMPLICIT_RETAIN_SELF = YES;
				CLANG_WARN_OBJC_LITERAL_CONVERSION = YES;
				CLANG_WARN_OBJC_ROOT_CLASS = YES_ERROR;
				CLANG_WARN_QUOTED_INCLUDE_IN_FRAMEWORK_HEADER = YES;
				CLANG_WARN_RANGE_LOOP_ANALYSIS = YES;
				CLANG_WARN_STRICT_PROTOTYPES = YES;
				CLANG_WARN_SUSPICIOUS_MOVE = YES;
				CLANG_WARN_UNGUARDED_AVAILABILITY = YES_AGGRESSIVE;
				CLANG_WARN_UNREACHABLE_CODE = YES;
				CLANG_WARN__DUPLICATE_METHOD_MATCH = YES;
				COPY_PHASE_STRIP = NO;
				DEBUG_INFORMATION_FORMAT = "dwarf-with-dsym";
				ENABLE_NS_ASSERTIONS = NO;
				ENABLE_STRICT_OBJC_MSGSEND = YES;
				GCC_C_LANGUAGE_STANDARD = gnu11;
				GCC_NO_COMMON_BLOCKS = YES;
				GCC_WARN_64_TO_32_BIT_CONVERSION = YES;
				GCC_WARN_ABOUT_RETURN_TYPE = YES_ERROR;
				GCC_WARN_UNDECLARED_SELECTOR = YES;
				GCC_WARN_UNINITIALIZED_AUTOS = YES_AGGRESSIVE;
				GCC_WARN_UNUSED_FUNCTION = YES;
				GCC_WARN_UNUSED_VARIABLE = YES;
				IPHONEOS_DEPLOYMENT_TARGET = 14.2;
				MTL_ENABLE_DEBUG_INFO = NO;
				MTL_FAST_MATH = YES;
				SDKROOT = iphoneos;
				SWIFT_COMPILATION_MODE = wholemodule;
				SWIFT_OPTIMIZATION_LEVEL = "-O";
				VALIDATE_PRODUCT = YES;
			};
			name = Release;
		};
		878535B4255EBDF40087CCE0 /* Debug */ = {
			isa = XCBuildConfiguration;
			buildSettings = {
				ALWAYS_EMBED_SWIFT_STANDARD_LIBRARIES = YES;
				ASSETCATALOG_COMPILER_APPICON_NAME = AppIcon;
				ASSETCATALOG_COMPILER_GLOBAL_ACCENT_COLOR_NAME = AccentColor;
				CODE_SIGN_STYLE = Automatic;
				DEVELOPMENT_TEAM = K6L3AZHU85;
				INFOPLIST_FILE = TestProject/Info.plist;
				LD_RUNPATH_SEARCH_PATHS = (
					"$(inherited)",
					"@executable_path/Frameworks",
				);
				PRODUCT_BUNDLE_IDENTIFIER = com.YevhenMekhedov.TestProject;
				PRODUCT_NAME = "$(TARGET_NAME)";
				SWIFT_VERSION = 5.0;
				TARGETED_DEVICE_FAMILY = "1,2";
			};
			name = Debug;
		};
		878535B5255EBDF40087CCE0 /* Release */ = {
			isa = XCBuildConfiguration;
			buildSettings = {
				ALWAYS_EMBED_SWIFT_STANDARD_LIBRARIES = YES;
				ASSETCATALOG_COMPILER_APPICON_NAME = AppIcon;
				ASSETCATALOG_COMPILER_GLOBAL_ACCENT_COLOR_NAME = AccentColor;
				CODE_SIGN_STYLE = Automatic;
				DEVELOPMENT_TEAM = K6L3AZHU85;
				INFOPLIST_FILE = TestProject/Info.plist;
				LD_RUNPATH_SEARCH_PATHS = (
					"$(inherited)",
					"@executable_path/Frameworks",
				);
				PRODUCT_BUNDLE_IDENTIFIER = com.YevhenMekhedov.TestProject;
				PRODUCT_NAME = "$(TARGET_NAME)";
				SWIFT_VERSION = 5.0;
				TARGETED_DEVICE_FAMILY = "1,2";
			};
			name = Release;
		};
		878535C6255EBE150087CCE0 /* Debug */ = {
			isa = XCBuildConfiguration;
			buildSettings = {
				CLANG_ENABLE_MODULES = YES;
				CODE_SIGN_STYLE = Automatic;
				CURRENT_PROJECT_VERSION = 1;
				DEFINES_MODULE = YES;
				DEVELOPMENT_TEAM = K6L3AZHU85;
				DYLIB_COMPATIBILITY_VERSION = 1;
				DYLIB_CURRENT_VERSION = 1;
				DYLIB_INSTALL_NAME_BASE = "@rpath";
				INFOPLIST_FILE = TestSDK/Info.plist;
				INSTALL_PATH = "$(LOCAL_LIBRARY_DIR)/Frameworks";
				LD_RUNPATH_SEARCH_PATHS = (
					"$(inherited)",
					"@executable_path/Frameworks",
					"@loader_path/Frameworks",
				);
				PRODUCT_BUNDLE_IDENTIFIER = com.YevhenMekhedov.TestSDK;
				PRODUCT_NAME = "$(TARGET_NAME:c99extidentifier)";
				SKIP_INSTALL = YES;
				SWIFT_OPTIMIZATION_LEVEL = "-Onone";
				SWIFT_VERSION = 5.0;
				TARGETED_DEVICE_FAMILY = "1,2";
				VERSIONING_SYSTEM = "apple-generic";
				VERSION_INFO_PREFIX = "";
			};
			name = Debug;
		};
		878535C7255EBE150087CCE0 /* Release */ = {
			isa = XCBuildConfiguration;
			buildSettings = {
				CLANG_ENABLE_MODULES = YES;
				CODE_SIGN_STYLE = Automatic;
				CURRENT_PROJECT_VERSION = 1;
				DEFINES_MODULE = YES;
				DEVELOPMENT_TEAM = K6L3AZHU85;
				DYLIB_COMPATIBILITY_VERSION = 1;
				DYLIB_CURRENT_VERSION = 1;
				DYLIB_INSTALL_NAME_BASE = "@rpath";
				INFOPLIST_FILE = TestSDK/Info.plist;
				INSTALL_PATH = "$(LOCAL_LIBRARY_DIR)/Frameworks";
				LD_RUNPATH_SEARCH_PATHS = (
					"$(inherited)",
					"@executable_path/Frameworks",
					"@loader_path/Frameworks",
				);
				PRODUCT_BUNDLE_IDENTIFIER = com.YevhenMekhedov.TestSDK;
				PRODUCT_NAME = "$(TARGET_NAME:c99extidentifier)";
				SKIP_INSTALL = YES;
				SWIFT_VERSION = 5.0;
				TARGETED_DEVICE_FAMILY = "1,2";
				VERSIONING_SYSTEM = "apple-generic";
				VERSION_INFO_PREFIX = "";
			};
			name = Release;
		};
/* End XCBuildConfiguration section */

/* Begin XCConfigurationList section */
		8785359A255EBDF30087CCE0 /* Build configuration list for PBXProject "TestProject" */ = {
			isa = XCConfigurationList;
			buildConfigurations = (
				878535B1255EBDF40087CCE0 /* Debug */,
				878535B2255EBDF40087CCE0 /* Release */,
			);
			defaultConfigurationIsVisible = 0;
			defaultConfigurationName = Release;
		};
		878535B3255EBDF40087CCE0 /* Build configuration list for PBXNativeTarget "TestProject" */ = {
			isa = XCConfigurationList;
			buildConfigurations = (
				878535B4255EBDF40087CCE0 /* Debug */,
				878535B5255EBDF40087CCE0 /* Release */,
			);
			defaultConfigurationIsVisible = 0;
			defaultConfigurationName = Release;
		};
		878535C5255EBE150087CCE0 /* Build configuration list for PBXNativeTarget "TestSDK" */ = {
			isa = XCConfigurationList;
			buildConfigurations = (
				878535C6255EBE150087CCE0 /* Debug */,
				878535C7255EBE150087CCE0 /* Release */,
			);
			defaultConfigurationIsVisible = 0;
			defaultConfigurationName = Release;
		};
/* End XCConfigurationList section */
	};
	rootObject = 87853597255EBDF30087CCE0 /* Project object */;
}
